
Microsoft Visual Studio Solution File, Format Version 12.00
# Visual Studio Version 16
VisualStudioVersion = 16.0.31729.503
MinimumVisualStudioVersion = 10.0.40219.1
Project("{FAE04EC0-301F-11D3-BF4B-00C04F79EFBC}") = "TechnicalityTestWebApp", "TechnicalityTestWebApp\TechnicalityTestWebApp.csproj", "{4CA363A0-994E-4280-84A9-A75BC69DB694}"
EndProject
Project("{FAE04EC0-301F-11D3-BF4B-00C04F79EFBC}") = "TechnicalityTestAPI", "TechnicalityTestAPI\TechnicalityTestAPI.csproj", "{2C743019-A9C6-405F-8C36-058F3A22F098}"
EndProject
Global
	GlobalSection(SolutionConfigurationPlatforms) = preSolution
		Debug|Any CPU = Debug|Any CPU
		Release|Any CPU = Release|Any CPU
	EndGlobalSection
	GlobalSection(ProjectConfigurationPlatforms) = postSolution
		{4CA363A0-994E-4280-84A9-A75BC69DB694}.Debug|Any CPU.ActiveCfg = Debug|Any CPU
		{4CA363A0-994E-4280-84A9-A75BC69DB694}.Debug|Any CPU.Build.0 = Debug|Any CPU
		{4CA363A0-994E-4280-84A9-A75BC69DB694}.Release|Any CPU.ActiveCfg = Release|Any CPU
		{4CA363A0-994E-4280-84A9-A75BC69DB694}.Release|Any CPU.Build.0 = Release|Any CPU
		{2C743019-A9C6-405F-8C36-058F3A22F098}.Debug|Any CPU.ActiveCfg = Debug|Any CPU
		{2C743019-A9C6-405F-8C36-058F3A22F098}.Debug|Any CPU.Build.0 = Debug|Any CPU
		{2C743019-A9C6-405F-8C36-058F3A22F098}.Release|Any CPU.ActiveCfg = Release|Any CPU
		{2C743019-A9C6-405F-8C36-058F3A22F098}.Release|Any CPU.Build.0 = Release|Any CPU
	EndGlobalSection
	GlobalSection(SolutionProperties) = preSolution
		HideSolutionNode = FALSE
	EndGlobalSection
	GlobalSection(ExtensibilityGlobals) = postSolution
		SolutionGuid = {BA139B3A-25B9-4929-82CD-C18742BB2CAA}
	EndGlobalSection
EndGlobal
